// !$*UTF8*$!
{
	archiveVersion = 1;
	classes = {
	};
	objectVersion = 50;
	objects = {

/* Begin PBXBuildFile section */
		B8CF2066265F93AC001A232A /* AppDelegate.swift in Sources */ = {isa = PBXBuildFile; fileRef = B8CF2065265F93AC001A232A /* AppDelegate.swift */; };
		B8CF2068265F93AC001A232A /* SceneDelegate.swift in Sources */ = {isa = PBXBuildFile; fileRef = B8CF2067265F93AC001A232A /* SceneDelegate.swift */; };
		B8CF206A265F93AC001A232A /* ViewController.swift in Sources */ = {isa = PBXBuildFile; fileRef = B8CF2069265F93AC001A232A /* ViewController.swift */; };
		B8CF206D265F93AC001A232A /* Main.storyboard in Resources */ = {isa = PBXBuildFile; fileRef = B8CF206B265F93AC001A232A /* Main.storyboard */; };
		B8CF206F265F93AD001A232A /* Assets.xcassets in Resources */ = {isa = PBXBuildFile; fileRef = B8CF206E265F93AD001A232A /* Assets.xcassets */; };
		B8CF2072265F93AD001A232A /* LaunchScreen.storyboard in Resources */ = {isa = PBXBuildFile; fileRef = B8CF2070265F93AD001A232A /* LaunchScreen.storyboard */; };
		B8CF207A265FA949001A232A /* MyAudio.mp3 in Resources */ = {isa = PBXBuildFile; fileRef = B8CF2079265FA949001A232A /* MyAudio.mp3 */; };
/* End PBXBuildFile section */

/* Begin PBXFileReference section */
		B8CF2062265F93AC001A232A /* Sapp.app */ = {isa = PBXFileReference; explicitFileType = wrapper.application; includeInIndex = 0; path = Sapp.app; sourceTree = BUILT_PRODUCTS_DIR; };
		B8CF2065265F93AC001A232A /* AppDelegate.swift */ = {isa = PBXFileReference; lastKnownFileType = sourcecode.swift; path = AppDelegate.swift; sourceTree = "<group>"; };
		B8CF2067265F93AC001A232A /* SceneDelegate.swift */ = {isa = PBXFileReference; lastKnownFileType = sourcecode.swift; path = SceneDelegate.swift; sourceTree = "<group>"; };
		B8CF2069265F93AC001A232A /* ViewController.swift */ = {isa = PBXFileReference; lastKnownFileType = sourcecode.swift; path = ViewController.swift; sourceTree = "<group>"; };
		B8CF206C265F93AC001A232A /* Base */ = {isa = PBXFileReference; lastKnownFileType = file.storyboard; name = Base; path = Base.lproj/Main.storyboard; sourceTree = "<group>"; };
		B8CF206E265F93AD001A232A /* Assets.xcassets */ = {isa = PBXFileReference; lastKnownFileType = folder.assetcatalog; path = Assets.xcassets; sourceTree = "<group>"; };
		B8CF2071265F93AD001A232A /* Base */ = {isa = PBXFileReference; lastKnownFileType = file.storyboard; name = Base; path = Base.lproj/LaunchScreen.storyboard; sourceTree = "<group>"; };
		B8CF2073265F93AD001A232A /* Info.plist */ = {isa = PBXFileReference; lastKnownFileType = text.plist.xml; path = Info.plist; sourceTree = "<group>"; };
		B8CF2079265FA949001A232A /* MyAudio.mp3 */ = {isa = PBXFileReference; lastKnownFileType = audio.mp3; path = MyAudio.mp3; sourceTree = "<group>"; };
/* End PBXFileReference section */

/* Begin PBXFrameworksBuildPhase section */
		B8CF205F265F93AC001A232A /* Frameworks */ = {
			isa = PBXFrameworksBuildPhase;
			buildActionMask = 2147483647;
			files = (
			);
			runOnlyForDeploymentPostprocessing = 0;
		};
/* End PBXFrameworksBuildPhase section */

/* Begin PBXGroup section */
		B8CF2059265F93AC001A232A = {
			isa = PBXGroup;
			children = (
				B8CF2064265F93AC001A232A /* Sapp */,
				B8CF2063265F93AC001A232A /* Products */,
			);
			sourceTree = "<group>";
		};
		B8CF2063265F93AC001A232A /* Products */ = {
			isa = PBXGroup;
			children = (
				B8CF2062265F93AC001A232A /* Sapp.app */,
			);
			name = Products;
			sourceTree = "<group>";
		};
		B8CF2064265F93AC001A232A /* Sapp */ = {
			isa = PBXGroup;
			children = (
				B8CF2079265FA949001A232A /* MyAudio.mp3 */,
				B8CF2065265F93AC001A232A /* AppDelegate.swift */,
				B8CF2067265F93AC001A232A /* SceneDelegate.swift */,
				B8CF2069265F93AC001A232A /* ViewController.swift */,
				B8CF206B265F93AC001A232A /* Main.storyboard */,
				B8CF206E265F93AD001A232A /* Assets.xcassets */,
				B8CF2070265F93AD001A232A /* LaunchScreen.storyboard */,
				B8CF2073265F93AD001A232A /* Info.plist */,
			);
			path = Sapp;
			sourceTree = "<group>";
		};
/* End PBXGroup section */

/* Begin PBXNativeTarget section */
		B8CF2061265F93AC001A232A /* Sapp */ = {
			isa = PBXNativeTarget;
			buildConfigurationList = B8CF2076265F93AD001A232A /* Build configuration list for PBXNativeTarget "Sapp" */;
			buildPhases = (
				B8CF205E265F93AC001A232A /* Sources */,
				B8CF205F265F93AC001A232A /* Frameworks */,
				B8CF2060265F93AC001A232A /* Resources */,
			);
			buildRules = (
			);
			dependencies = (
			);
			name = Sapp;
			productName = Sapp;
			productReference = B8CF2062265F93AC001A232A /* Sapp.app */;
			productType = "com.apple.product-type.application";
		};
/* End PBXNativeTarget section */

/* Begin PBXProject section */
		B8CF205A265F93AC001A232A /* Project object */ = {
			isa = PBXProject;
			attributes = {
				LastSwiftUpdateCheck = 1250;
				LastUpgradeCheck = 1250;
				TargetAttributes = {
					B8CF2061265F93AC001A232A = {
						CreatedOnToolsVersion = 12.5;
					};
				};
			};
			buildConfigurationList = B8CF205D265F93AC001A232A /* Build configuration list for PBXProject "Sapp" */;
			compatibilityVersion = "Xcode 9.3";
			developmentRegion = en;
			hasScannedForEncodings = 0;
			knownRegions = (
				en,
				Base,
			);
			mainGroup = B8CF2059265F93AC001A232A;
			productRefGroup = B8CF2063265F93AC001A232A /* Products */;
			projectDirPath = "";
			projectRoot = "";
			targets = (
				B8CF2061265F93AC001A232A /* Sapp */,
			);
		};
/* End PBXProject section */

/* Begin PBXResourcesBuildPhase section */
		B8CF2060265F93AC001A232A /* Resources */ = {
			isa = PBXResourcesBuildPhase;
			buildActionMask = 2147483647;
			files = (
				B8CF207A265FA949001A232A /* MyAudio.mp3 in Resources */,
				B8CF2072265F93AD001A232A /* LaunchScreen.storyboard in Resources */,
				B8CF206F265F93AD001A232A /* Assets.xcassets in Resources */,
				B8CF206D265F93AC001A232A /* Main.storyboard in Resources */,
			);
			runOnlyForDeploymentPostprocessing = 0;
		};
/* End PBXResourcesBuildPhase section */

/* Begin PBXSourcesBuildPhase section */
		B8CF205E265F93AC001A232A /* Sources */ = {
			isa = PBXSourcesBuildPhase;
			buildActionMask = 2147483647;
			files = (
				B8CF206A265F93AC001A232A /* ViewController.swift in Sources */,
				B8CF2066265F93AC001A232A /* AppDelegate.swift in Sources */,
				B8CF2068265F93AC001A232A /* SceneDelegate.swift in Sources */,
			);
			runOnlyForDeploymentPostprocessing = 0;
		};
/* End PBXSourcesBuildPhase section */

/* Begin PBXVariantGroup section */
		B8CF206B265F93AC001A232A /* Main.storyboard */ = {
			isa = PBXVariantGroup;
			children = (
				B8CF206C265F93AC001A232A /* Base */,
			);
			name = Main.storyboard;
			sourceTree = "<group>";
		};
		B8CF2070265F93AD001A232A /* LaunchScreen.storyboard */ = {
			isa = PBXVariantGroup;
			children = (
				B8CF2071265F93AD001A232A /* Base */,
			);
			name = LaunchScreen.storyboard;
			sourceTree = "<group>";
		};
/* End PBXVariantGroup section */

/* Begin XCBuildConfiguration section */
		B8CF2074265F93AD001A232A /* Debug */ = {
			isa = XCBuildConfiguration;
			buildSettings = {
				ALWAYS_SEARCH_USER_PATHS = NO;
				CLANG_ANALYZER_NONNULL = YES;
				CLANG_ANALYZER_NUMBER_OBJECT_CONVERSION = YES_AGGRESSIVE;
				CLANG_CXX_LANGUAGE_STANDARD = "gnu++14";
				CLANG_CXX_LIBRARY = "libc++";
				CLANG_ENABLE_MODULES = YES;
				CLANG_ENABLE_OBJC_ARC = YES;
				CLANG_ENABLE_OBJC_WEAK = YES;
				CLANG_WARN_BLOCK_CAPTURE_AUTORELEASING = YES;
				CLANG_WARN_BOOL_CONVERSION = YES;
				CLANG_WARN_COMMA = YES;
				CLANG_WARN_CONSTANT_CONVERSION = YES;
				CLANG_WARN_DEPRECATED_OBJC_IMPLEMENTATIONS = YES;
				CLANG_WARN_DIRECT_OBJC_ISA_USAGE = YES_ERROR;
				CLANG_WARN_DOCUMENTATION_COMMENTS = YES;
				CLANG_WARN_EMPTY_BODY = YES;
				CLANG_WARN_ENUM_CONVERSION = YES;
				CLANG_WARN_INFINITE_RECURSION = YES;
				CLANG_WARN_INT_CONVERSION = YES;
				CLANG_WARN_NON_LITERAL_NULL_CONVERSION = YES;
				CLANG_WARN_OBJC_IMPLICIT_RETAIN_SELF = YES;
				CLANG_WARN_OBJC_LITERAL_CONVERSION = YES;
				CLANG_WARN_OBJC_ROOT_CLASS = YES_ERROR;
				CLANG_WARN_QUOTED_INCLUDE_IN_FRAMEWORK_HEADER = YES;
				CLANG_WARN_RANGE_LOOP_ANALYSIS = YES;
				CLANG_WARN_STRICT_PROTOTYPES = YES;
				CLANG_WARN_SUSPICIOUS_MOVE = YES;
				CLANG_WARN_UNGUARDED_AVAILABILITY = YES_AGGRESSIVE;
				CLANG_WARN_UNREACHABLE_CODE = YES;
				CLANG_WARN__DUPLICATE_METHOD_MATCH = YES;
				COPY_PHASE_STRIP = NO;
				DEBUG_INFORMATION_FORMAT = dwarf;
				ENABLE_STRICT_OBJC_MSGSEND = YES;
				ENABLE_TESTABILITY = YES;
				GCC_C_LANGUAGE_STANDARD = gnu11;
				GCC_DYNAMIC_NO_PIC = NO;
				GCC_NO_COMMON_BLOCKS = YES;
				GCC_OPTIMIZATION_LEVEL = 0;
				GCC_PREPROCESSOR_DEFINITIONS = (
					"DEBUG=1",
					"$(inherited)",
				);
				GCC_WARN_64_TO_32_BIT_CONVERSION = YES;
				GCC_WARN_ABOUT_RETURN_TYPE = YES_ERROR;
				GCC_WARN_UNDECLARED_SELECTOR = YES;
				GCC_WARN_UNINITIALIZED_AUTOS = YES_AGGRESSIVE;
				GCC_WARN_UNUSED_FUNCTION = YES;
				GCC_WARN_UNUSED_VARIABLE = YES;
				IPHONEOS_DEPLOYMENT_TARGET = 14.5;
				MTL_ENABLE_DEBUG_INFO = INCLUDE_SOURCE;
				MTL_FAST_MATH = YES;
				ONLY_ACTIVE_ARCH = YES;
				SDKROOT = iphoneos;
				SWIFT_ACTIVE_COMPILATION_CONDITIONS = DEBUG;
				SWIFT_OPTIMIZATION_LEVEL = "-Onone";
			};
			name = Debug;
		};
		B8CF2075265F93AD001A232A /* Release */ = {
			isa = XCBuildConfiguration;
			buildSettings = {
				ALWAYS_SEARCH_USER_PATHS = NO;
				CLANG_ANALYZER_NONNULL = YES;
				CLANG_ANALYZER_NUMBER_OBJECT_CONVERSION = YES_AGGRESSIVE;
				CLANG_CXX_LANGUAGE_STANDARD = "gnu++14";
				CLANG_CXX_LIBRARY = "libc++";
				CLANG_ENABLE_MODULES = YES;
				CLANG_ENABLE_OBJC_ARC = YES;
				CLANG_ENABLE_OBJC_WEAK = YES;
				CLANG_WARN_BLOCK_CAPTURE_AUTORELEASING = YES;
				CLANG_WARN_BOOL_CONVERSION = YES;
				CLANG_WARN_COMMA = YES;
				CLANG_WARN_CONSTANT_CONVERSION = YES;
				CLANG_WARN_DEPRECATED_OBJC_IMPLEMENTATIONS = YES;
				CLANG_WARN_DIRECT_OBJC_ISA_USAGE = YES_ERROR;
				CLANG_WARN_DOCUMENTATION_COMMENTS = YES;
				CLANG_WARN_EMPTY_BODY = YES;
				CLANG_WARN_ENUM_CONVERSION = YES;
				CLANG_WARN_INFINITE_RECURSION = YES;
				CLANG_WARN_INT_CONVERSION = YES;
				CLANG_WARN_NON_LITERAL_NULL_CONVERSION = YES;
				CLANG_WARN_OBJC_IMPLICIT_RETAIN_SELF = YES;
				CLANG_WARN_OBJC_LITERAL_CONVERSION = YES;
				CLANG_WARN_OBJC_ROOT_CLASS = YES_ERROR;
				CLANG_WARN_QUOTED_INCLUDE_IN_FRAMEWORK_HEADER = YES;
				CLANG_WARN_RANGE_LOOP_ANALYSIS = YES;
				CLANG_WARN_STRICT_PROTOTYPES = YES;
				CLANG_WARN_SUSPICIOUS_MOVE = YES;
				CLANG_WARN_UNGUARDED_AVAILABILITY = YES_AGGRESSIVE;
				CLANG_WARN_UNREACHABLE_CODE = YES;
				CLANG_WARN__DUPLICATE_METHOD_MATCH = YES;
				COPY_PHASE_STRIP = NO;
				DEBUG_INFORMATION_FORMAT = "dwarf-with-dsym";
				ENABLE_NS_ASSERTIONS = NO;
				ENABLE_STRICT_OBJC_MSGSEND = YES;
				GCC_C_LANGUAGE_STANDARD = gnu11;
				GCC_NO_COMMON_BLOCKS = YES;
				GCC_WARN_64_TO_32_BIT_CONVERSION = YES;
				GCC_WARN_ABOUT_RETURN_TYPE = YES_ERROR;
				GCC_WARN_UNDECLARED_SELECTOR = YES;
				GCC_WARN_UNINITIALIZED_AUTOS = YES_AGGRESSIVE;
				GCC_WARN_UNUSED_FUNCTION = YES;
				GCC_WARN_UNUSED_VARIABLE = YES;
				IPHONEOS_DEPLOYMENT_TARGET = 14.5;
				MTL_ENABLE_DEBUG_INFO = NO;
				MTL_FAST_MATH = YES;
				SDKROOT = iphoneos;
				SWIFT_COMPILATION_MODE = wholemodule;
				SWIFT_OPTIMIZATION_LEVEL = "-O";
				VALIDATE_PRODUCT = YES;
			};
			name = Release;
		};
		B8CF2077265F93AD001A232A /* Debug */ = {
			isa = XCBuildConfiguration;
			buildSettings = {
				ASSETCATALOG_COMPILER_APPICON_NAME = AppIcon;
				ASSETCATALOG_COMPILER_GLOBAL_ACCENT_COLOR_NAME = AccentColor;
				CODE_SIGN_STYLE = Automatic;
				DEVELOPMENT_TEAM = 4438DCVBWY;
				INFOPLIST_FILE = Sapp/Info.plist;
				LD_RUNPATH_SEARCH_PATHS = (
					"$(inherited)",
					"@executable_path/Frameworks",
				);
				PRODUCT_BUNDLE_IDENTIFIER = abdullah.Sapp;
				PRODUCT_NAME = "$(TARGET_NAME)";
				SWIFT_VERSION = 5.0;
				TARGETED_DEVICE_FAMILY = "1,2";
			};
			name = Debug;
		};
		B8CF2078265F93AD001A232A /* Release */ = {
			isa = XCBuildConfiguration;
			buildSettings = {
				ASSETCATALOG_COMPILER_APPICON_NAME = AppIcon;
				ASSETCATALOG_COMPILER_GLOBAL_ACCENT_COLOR_NAME = AccentColor;
				CODE_SIGN_STYLE = Automatic;
				DEVELOPMENT_TEAM = 4438DCVBWY;
				INFOPLIST_FILE = Sapp/Info.plist;
				LD_RUNPATH_SEARCH_PATHS = (
					"$(inherited)",
					"@executable_path/Frameworks",
				);
				PRODUCT_BUNDLE_IDENTIFIER = abdullah.Sapp;
				PRODUCT_NAME = "$(TARGET_NAME)";
				SWIFT_VERSION = 5.0;
				TARGETED_DEVICE_FAMILY = "1,2";
			};
			name = Release;
		};
/* End XCBuildConfiguration section */

/* Begin XCConfigurationList section */
		B8CF205D265F93AC001A232A /* Build configuration list for PBXProject "Sapp" */ = {
			isa = XCConfigurationList;
			buildConfigurations = (
				B8CF2074265F93AD001A232A /* Debug */,
				B8CF2075265F93AD001A232A /* Release */,
			);
			defaultConfigurationIsVisible = 0;
			defaultConfigurationName = Release;
		};
		B8CF2076265F93AD001A232A /* Build configuration list for PBXNativeTarget "Sapp" */ = {
			isa = XCConfigurationList;
			buildConfigurations = (
				B8CF2077265F93AD001A232A /* Debug */,
				B8CF2078265F93AD001A232A /* Release */,
			);
			defaultConfigurationIsVisible = 0;
			defaultConfigurationName = Release;
		};
/* End XCConfigurationList section */
	};
	rootObject = B8CF205A265F93AC001A232A /* Project object */;
}
